// !$*UTF8*$!
{
	archiveVersion = 1;
	classes = {
	};
	objectVersion = 50;
	objects = {

/* Begin PBXBuildFile section */
		D6E76B2223F6116800384311 /* AppDelegate.swift in Sources */ = {isa = PBXBuildFile; fileRef = D6E76B2123F6116800384311 /* AppDelegate.swift */; };
		D6E76B2423F6116800384311 /* SceneDelegate.swift in Sources */ = {isa = PBXBuildFile; fileRef = D6E76B2323F6116800384311 /* SceneDelegate.swift */; };
		D6E76B2923F6116800384311 /* Main.storyboard in Resources */ = {isa = PBXBuildFile; fileRef = D6E76B2723F6116800384311 /* Main.storyboard */; };
		D6E76B2B23F6116A00384311 /* Assets.xcassets in Resources */ = {isa = PBXBuildFile; fileRef = D6E76B2A23F6116A00384311 /* Assets.xcassets */; };
		D6E76B2E23F6116A00384311 /* LaunchScreen.storyboard in Resources */ = {isa = PBXBuildFile; fileRef = D6E76B2C23F6116A00384311 /* LaunchScreen.storyboard */; };
		D6E76B3923F6116A00384311 /* SwiftFlickrPhotosTests.swift in Sources */ = {isa = PBXBuildFile; fileRef = D6E76B3823F6116A00384311 /* SwiftFlickrPhotosTests.swift */; };
		D6E76B4423F6116A00384311 /* SwiftFlickrPhotosUITests.swift in Sources */ = {isa = PBXBuildFile; fileRef = D6E76B4323F6116A00384311 /* SwiftFlickrPhotosUITests.swift */; };
		D6E76B5723F631D200384311 /* FlickrViewController.swift in Sources */ = {isa = PBXBuildFile; fileRef = D6E76B5623F631D200384311 /* FlickrViewController.swift */; };
		D6E76B5923F631E900384311 /* FlickrPhoto.swift in Sources */ = {isa = PBXBuildFile; fileRef = D6E76B5823F631E900384311 /* FlickrPhoto.swift */; };
		D6E76B5B23F631F500384311 /* NetworkManager.swift in Sources */ = {isa = PBXBuildFile; fileRef = D6E76B5A23F631F500384311 /* NetworkManager.swift */; };
		D6E76B5D23F6320400384311 /* FlickrConstants.swift in Sources */ = {isa = PBXBuildFile; fileRef = D6E76B5C23F6320400384311 /* FlickrConstants.swift */; };
		D6E76B5F23F6321000384311 /* Photos.swift in Sources */ = {isa = PBXBuildFile; fileRef = D6E76B5E23F6321000384311 /* Photos.swift */; };
		D6E76B6123F6321B00384311 /* FlickrSearchResults.swift in Sources */ = {isa = PBXBuildFile; fileRef = D6E76B6023F6321B00384311 /* FlickrSearchResults.swift */; };
		D6E76B6323F6322700384311 /* Requests.swift in Sources */ = {isa = PBXBuildFile; fileRef = D6E76B6223F6322700384311 /* Requests.swift */; };
		D6E76B6523F6323300384311 /* GCD.swift in Sources */ = {isa = PBXBuildFile; fileRef = D6E76B6423F6323300384311 /* GCD.swift */; };
		D6E76B6723F6324500384311 /* FlickrCollectionViewCell.swift in Sources */ = {isa = PBXBuildFile; fileRef = D6E76B6623F6324500384311 /* FlickrCollectionViewCell.swift */; };
		D6E76B6923F6325200384311 /* Extensions.swift in Sources */ = {isa = PBXBuildFile; fileRef = D6E76B6823F6325200384311 /* Extensions.swift */; };
		D6E76B6B23F6325E00384311 /* Reachability.swift in Sources */ = {isa = PBXBuildFile; fileRef = D6E76B6A23F6325E00384311 /* Reachability.swift */; };
		D6E76B6D23F6326F00384311 /* FlickrViewModel.swift in Sources */ = {isa = PBXBuildFile; fileRef = D6E76B6C23F6326F00384311 /* FlickrViewModel.swift */; };
		D6E76B7023F6346D00384311 /* FlickrCollectionViewCell.xib in Resources */ = {isa = PBXBuildFile; fileRef = D6E76B6F23F6346D00384311 /* FlickrCollectionViewCell.xib */; };
		D6E76B7423F63A4B00384311 /* NetworkExtension.framework in Frameworks */ = {isa = PBXBuildFile; fileRef = D6E76B7323F63A4B00384311 /* NetworkExtension.framework */; };
		D6E76B7623F6412000384311 /* FlickrConstants.swift in Sources */ = {isa = PBXBuildFile; fileRef = D6E76B7523F6412000384311 /* FlickrConstants.swift */; };
/* End PBXBuildFile section */

/* Begin PBXContainerItemProxy section */
		D6E76B3523F6116A00384311 /* PBXContainerItemProxy */ = {
			isa = PBXContainerItemProxy;
			containerPortal = D6E76B1623F6116800384311 /* Project object */;
			proxyType = 1;
			remoteGlobalIDString = D6E76B1D23F6116800384311;
			remoteInfo = SwiftFlickrPhotos;
		};
		D6E76B4023F6116A00384311 /* PBXContainerItemProxy */ = {
			isa = PBXContainerItemProxy;
			containerPortal = D6E76B1623F6116800384311 /* Project object */;
			proxyType = 1;
			remoteGlobalIDString = D6E76B1D23F6116800384311;
			remoteInfo = SwiftFlickrPhotos;
		};
/* End PBXContainerItemProxy section */

/* Begin PBXFileReference section */
		D6E76B1E23F6116800384311 /* SwiftFlickrPhotos.app */ = {isa = PBXFileReference; explicitFileType = wrapper.application; includeInIndex = 0; path = SwiftFlickrPhotos.app; sourceTree = BUILT_PRODUCTS_DIR; };
		D6E76B2123F6116800384311 /* AppDelegate.swift */ = {isa = PBXFileReference; lastKnownFileType = sourcecode.swift; path = AppDelegate.swift; sourceTree = "<group>"; };
		D6E76B2323F6116800384311 /* SceneDelegate.swift */ = {isa = PBXFileReference; lastKnownFileType = sourcecode.swift; path = SceneDelegate.swift; sourceTree = "<group>"; };
		D6E76B2823F6116800384311 /* Base */ = {isa = PBXFileReference; lastKnownFileType = file.storyboard; name = Base; path = Base.lproj/Main.storyboard; sourceTree = "<group>"; };
		D6E76B2A23F6116A00384311 /* Assets.xcassets */ = {isa = PBXFileReference; lastKnownFileType = folder.assetcatalog; path = Assets.xcassets; sourceTree = "<group>"; };
		D6E76B2D23F6116A00384311 /* Base */ = {isa = PBXFileReference; lastKnownFileType = file.storyboard; name = Base; path = Base.lproj/LaunchScreen.storyboard; sourceTree = "<group>"; };
		D6E76B2F23F6116A00384311 /* Info.plist */ = {isa = PBXFileReference; lastKnownFileType = text.plist.xml; path = Info.plist; sourceTree = "<group>"; };
		D6E76B3423F6116A00384311 /* SwiftFlickrPhotosTests.xctest */ = {isa = PBXFileReference; explicitFileType = wrapper.cfbundle; includeInIndex = 0; path = SwiftFlickrPhotosTests.xctest; sourceTree = BUILT_PRODUCTS_DIR; };
		D6E76B3823F6116A00384311 /* SwiftFlickrPhotosTests.swift */ = {isa = PBXFileReference; lastKnownFileType = sourcecode.swift; path = SwiftFlickrPhotosTests.swift; sourceTree = "<group>"; };
		D6E76B3A23F6116A00384311 /* Info.plist */ = {isa = PBXFileReference; lastKnownFileType = text.plist.xml; path = Info.plist; sourceTree = "<group>"; };
		D6E76B3F23F6116A00384311 /* SwiftFlickrPhotosUITests.xctest */ = {isa = PBXFileReference; explicitFileType = wrapper.cfbundle; includeInIndex = 0; path = SwiftFlickrPhotosUITests.xctest; sourceTree = BUILT_PRODUCTS_DIR; };
		D6E76B4323F6116A00384311 /* SwiftFlickrPhotosUITests.swift */ = {isa = PBXFileReference; lastKnownFileType = sourcecode.swift; path = SwiftFlickrPhotosUITests.swift; sourceTree = "<group>"; };
		D6E76B4523F6116A00384311 /* Info.plist */ = {isa = PBXFileReference; lastKnownFileType = text.plist.xml; path = Info.plist; sourceTree = "<group>"; };
		D6E76B5623F631D200384311 /* FlickrViewController.swift */ = {isa = PBXFileReference; lastKnownFileType = sourcecode.swift; path = FlickrViewController.swift; sourceTree = "<group>"; };
		D6E76B5823F631E900384311 /* FlickrPhoto.swift */ = {isa = PBXFileReference; lastKnownFileType = sourcecode.swift; path = FlickrPhoto.swift; sourceTree = "<group>"; };
		D6E76B5A23F631F500384311 /* NetworkManager.swift */ = {isa = PBXFileReference; lastKnownFileType = sourcecode.swift; path = NetworkManager.swift; sourceTree = "<group>"; };
		D6E76B5C23F6320400384311 /* FlickrConstants.swift */ = {isa = PBXFileReference; lastKnownFileType = sourcecode.swift; path = FlickrConstants.swift; sourceTree = "<group>"; };
		D6E76B5E23F6321000384311 /* Photos.swift */ = {isa = PBXFileReference; lastKnownFileType = sourcecode.swift; path = Photos.swift; sourceTree = "<group>"; };
		D6E76B6023F6321B00384311 /* FlickrSearchResults.swift */ = {isa = PBXFileReference; lastKnownFileType = sourcecode.swift; path = FlickrSearchResults.swift; sourceTree = "<group>"; };
		D6E76B6223F6322700384311 /* Requests.swift */ = {isa = PBXFileReference; lastKnownFileType = sourcecode.swift; path = Requests.swift; sourceTree = "<group>"; };
		D6E76B6423F6323300384311 /* GCD.swift */ = {isa = PBXFileReference; lastKnownFileType = sourcecode.swift; path = GCD.swift; sourceTree = "<group>"; };
		D6E76B6623F6324500384311 /* FlickrCollectionViewCell.swift */ = {isa = PBXFileReference; lastKnownFileType = sourcecode.swift; path = FlickrCollectionViewCell.swift; sourceTree = "<group>"; };
		D6E76B6823F6325200384311 /* Extensions.swift */ = {isa = PBXFileReference; lastKnownFileType = sourcecode.swift; path = Extensions.swift; sourceTree = "<group>"; };
		D6E76B6A23F6325E00384311 /* Reachability.swift */ = {isa = PBXFileReference; lastKnownFileType = sourcecode.swift; path = Reachability.swift; sourceTree = "<group>"; };
		D6E76B6C23F6326F00384311 /* FlickrViewModel.swift */ = {isa = PBXFileReference; lastKnownFileType = sourcecode.swift; path = FlickrViewModel.swift; sourceTree = "<group>"; };
		D6E76B6F23F6346D00384311 /* FlickrCollectionViewCell.xib */ = {isa = PBXFileReference; lastKnownFileType = file.xib; path = FlickrCollectionViewCell.xib; sourceTree = "<group>"; };
		D6E76B7123F63A1900384311 /* SwiftFlickrPhotos.entitlements */ = {isa = PBXFileReference; lastKnownFileType = text.plist.entitlements; path = SwiftFlickrPhotos.entitlements; sourceTree = "<group>"; };
		D6E76B7323F63A4B00384311 /* NetworkExtension.framework */ = {isa = PBXFileReference; lastKnownFileType = wrapper.framework; name = NetworkExtension.framework; path = System/Library/Frameworks/NetworkExtension.framework; sourceTree = SDKROOT; };
		D6E76B7523F6412000384311 /* FlickrConstants.swift */ = {isa = PBXFileReference; lastKnownFileType = sourcecode.swift; path = FlickrConstants.swift; sourceTree = "<group>"; };
/* End PBXFileReference section */

/* Begin PBXFrameworksBuildPhase section */
		D6E76B1B23F6116800384311 /* Frameworks */ = {
			isa = PBXFrameworksBuildPhase;
			buildActionMask = 2147483647;
			files = (
				D6E76B7423F63A4B00384311 /* NetworkExtension.framework in Frameworks */,
			);
			runOnlyForDeploymentPostprocessing = 0;
		};
		D6E76B3123F6116A00384311 /* Frameworks */ = {
			isa = PBXFrameworksBuildPhase;
			buildActionMask = 2147483647;
			files = (
			);
			runOnlyForDeploymentPostprocessing = 0;
		};
		D6E76B3C23F6116A00384311 /* Frameworks */ = {
			isa = PBXFrameworksBuildPhase;
			buildActionMask = 2147483647;
			files = (
			);
			runOnlyForDeploymentPostprocessing = 0;
		};
/* End PBXFrameworksBuildPhase section */

/* Begin PBXGroup section */
		D6E76B1523F6116800384311 = {
			isa = PBXGroup;
			children = (
				D6E76B2023F6116800384311 /* SwiftFlickrPhotos */,
				D6E76B3723F6116A00384311 /* SwiftFlickrPhotosTests */,
				D6E76B4223F6116A00384311 /* SwiftFlickrPhotosUITests */,
				D6E76B1F23F6116800384311 /* Products */,
				D6E76B7223F63A4B00384311 /* Frameworks */,
			);
			sourceTree = "<group>";
		};
		D6E76B1F23F6116800384311 /* Products */ = {
			isa = PBXGroup;
			children = (
				D6E76B1E23F6116800384311 /* SwiftFlickrPhotos.app */,
				D6E76B3423F6116A00384311 /* SwiftFlickrPhotosTests.xctest */,
				D6E76B3F23F6116A00384311 /* SwiftFlickrPhotosUITests.xctest */,
			);
			name = Products;
			sourceTree = "<group>";
		};
		D6E76B2023F6116800384311 /* SwiftFlickrPhotos */ = {
			isa = PBXGroup;
			children = (
				D6E76B7123F63A1900384311 /* SwiftFlickrPhotos.entitlements */,
				D6E76B6E23F6327F00384311 /* Storyboards & XIbs */,
				D6E76B5523F6308900384311 /* Assets */,
				D6E76B5423F6307B00384311 /* Models */,
				D6E76B5323F6307600384311 /* Others */,
				D6E76B5223F6307300384311 /* Views */,
				D6E76B5123F6306D00384311 /* ViewControllers */,
				D6E76B2F23F6116A00384311 /* Info.plist */,
			);
			path = SwiftFlickrPhotos;
			sourceTree = "<group>";
		};
		D6E76B3723F6116A00384311 /* SwiftFlickrPhotosTests */ = {
			isa = PBXGroup;
			children = (
				D6E76B3823F6116A00384311 /* SwiftFlickrPhotosTests.swift */,
				D6E76B3A23F6116A00384311 /* Info.plist */,
				D6E76B7523F6412000384311 /* FlickrConstants.swift */,
			);
			path = SwiftFlickrPhotosTests;
			sourceTree = "<group>";
		};
		D6E76B4223F6116A00384311 /* SwiftFlickrPhotosUITests */ = {
			isa = PBXGroup;
			children = (
				D6E76B4323F6116A00384311 /* SwiftFlickrPhotosUITests.swift */,
				D6E76B4523F6116A00384311 /* Info.plist */,
			);
			path = SwiftFlickrPhotosUITests;
			sourceTree = "<group>";
		};
		D6E76B5123F6306D00384311 /* ViewControllers */ = {
			isa = PBXGroup;
			children = (
				D6E76B5623F631D200384311 /* FlickrViewController.swift */,
			);
			path = ViewControllers;
			sourceTree = "<group>";
		};
		D6E76B5223F6307300384311 /* Views */ = {
			isa = PBXGroup;
			children = (
				D6E76B6623F6324500384311 /* FlickrCollectionViewCell.swift */,
			);
			path = Views;
			sourceTree = "<group>";
		};
		D6E76B5323F6307600384311 /* Others */ = {
			isa = PBXGroup;
			children = (
				D6E76B2323F6116800384311 /* SceneDelegate.swift */,
				D6E76B2123F6116800384311 /* AppDelegate.swift */,
				D6E76B5C23F6320400384311 /* FlickrConstants.swift */,
				D6E76B6423F6323300384311 /* GCD.swift */,
				D6E76B6823F6325200384311 /* Extensions.swift */,
				D6E76B6A23F6325E00384311 /* Reachability.swift */,
			);
			path = Others;
			sourceTree = "<group>";
		};
		D6E76B5423F6307B00384311 /* Models */ = {
			isa = PBXGroup;
			children = (
				D6E76B5823F631E900384311 /* FlickrPhoto.swift */,
				D6E76B5A23F631F500384311 /* NetworkManager.swift */,
				D6E76B5E23F6321000384311 /* Photos.swift */,
				D6E76B6023F6321B00384311 /* FlickrSearchResults.swift */,
				D6E76B6223F6322700384311 /* Requests.swift */,
				D6E76B6C23F6326F00384311 /* FlickrViewModel.swift */,
			);
			path = Models;
			sourceTree = "<group>";
		};
		D6E76B5523F6308900384311 /* Assets */ = {
			isa = PBXGroup;
			children = (
				D6E76B2A23F6116A00384311 /* Assets.xcassets */,
			);
			path = Assets;
			sourceTree = "<group>";
		};
		D6E76B6E23F6327F00384311 /* Storyboards & XIbs */ = {
			isa = PBXGroup;
			children = (
				D6E76B2C23F6116A00384311 /* LaunchScreen.storyboard */,
				D6E76B2723F6116800384311 /* Main.storyboard */,
				D6E76B6F23F6346D00384311 /* FlickrCollectionViewCell.xib */,
			);
			path = "Storyboards & XIbs";
			sourceTree = "<group>";
		};
		D6E76B7223F63A4B00384311 /* Frameworks */ = {
			isa = PBXGroup;
			children = (
				D6E76B7323F63A4B00384311 /* NetworkExtension.framework */,
			);
			name = Frameworks;
			sourceTree = "<group>";
		};
/* End PBXGroup section */

/* Begin PBXNativeTarget section */
		D6E76B1D23F6116800384311 /* SwiftFlickrPhotos */ = {
			isa = PBXNativeTarget;
			buildConfigurationList = D6E76B4823F6116A00384311 /* Build configuration list for PBXNativeTarget "SwiftFlickrPhotos" */;
			buildPhases = (
				D6E76B1A23F6116800384311 /* Sources */,
				D6E76B1B23F6116800384311 /* Frameworks */,
				D6E76B1C23F6116800384311 /* Resources */,
			);
			buildRules = (
			);
			dependencies = (
			);
			name = SwiftFlickrPhotos;
			productName = SwiftFlickrPhotos;
			productReference = D6E76B1E23F6116800384311 /* SwiftFlickrPhotos.app */;
			productType = "com.apple.product-type.application";
		};
		D6E76B3323F6116A00384311 /* SwiftFlickrPhotosTests */ = {
			isa = PBXNativeTarget;
			buildConfigurationList = D6E76B4B23F6116A00384311 /* Build configuration list for PBXNativeTarget "SwiftFlickrPhotosTests" */;
			buildPhases = (
				D6E76B3023F6116A00384311 /* Sources */,
				D6E76B3123F6116A00384311 /* Frameworks */,
				D6E76B3223F6116A00384311 /* Resources */,
			);
			buildRules = (
			);
			dependencies = (
				D6E76B3623F6116A00384311 /* PBXTargetDependency */,
			);
			name = SwiftFlickrPhotosTests;
			productName = SwiftFlickrPhotosTests;
			productReference = D6E76B3423F6116A00384311 /* SwiftFlickrPhotosTests.xctest */;
			productType = "com.apple.product-type.bundle.unit-test";
		};
		D6E76B3E23F6116A00384311 /* SwiftFlickrPhotosUITests */ = {
			isa = PBXNativeTarget;
			buildConfigurationList = D6E76B4E23F6116A00384311 /* Build configuration list for PBXNativeTarget "SwiftFlickrPhotosUITests" */;
			buildPhases = (
				D6E76B3B23F6116A00384311 /* Sources */,
				D6E76B3C23F6116A00384311 /* Frameworks */,
				D6E76B3D23F6116A00384311 /* Resources */,
			);
			buildRules = (
			);
			dependencies = (
				D6E76B4123F6116A00384311 /* PBXTargetDependency */,
			);
			name = SwiftFlickrPhotosUITests;
			productName = SwiftFlickrPhotosUITests;
			productReference = D6E76B3F23F6116A00384311 /* SwiftFlickrPhotosUITests.xctest */;
			productType = "com.apple.product-type.bundle.ui-testing";
		};
/* End PBXNativeTarget section */

/* Begin PBXProject section */
		D6E76B1623F6116800384311 /* Project object */ = {
			isa = PBXProject;
			attributes = {
				LastSwiftUpdateCheck = 1130;
				LastUpgradeCheck = 1130;
				ORGANIZATIONNAME = "suraj poudel";
				TargetAttributes = {
					D6E76B1D23F6116800384311 = {
						CreatedOnToolsVersion = 11.3;
					};
					D6E76B3323F6116A00384311 = {
						CreatedOnToolsVersion = 11.3;
						TestTargetID = D6E76B1D23F6116800384311;
					};
					D6E76B3E23F6116A00384311 = {
						CreatedOnToolsVersion = 11.3;
						TestTargetID = D6E76B1D23F6116800384311;
					};
				};
			};
			buildConfigurationList = D6E76B1923F6116800384311 /* Build configuration list for PBXProject "SwiftFlickrPhotos" */;
			compatibilityVersion = "Xcode 9.3";
			developmentRegion = en;
			hasScannedForEncodings = 0;
			knownRegions = (
				en,
				Base,
			);
			mainGroup = D6E76B1523F6116800384311;
			productRefGroup = D6E76B1F23F6116800384311 /* Products */;
			projectDirPath = "";
			projectRoot = "";
			targets = (
				D6E76B1D23F6116800384311 /* SwiftFlickrPhotos */,
				D6E76B3323F6116A00384311 /* SwiftFlickrPhotosTests */,
				D6E76B3E23F6116A00384311 /* SwiftFlickrPhotosUITests */,
			);
		};
/* End PBXProject section */

/* Begin PBXResourcesBuildPhase section */
		D6E76B1C23F6116800384311 /* Resources */ = {
			isa = PBXResourcesBuildPhase;
			buildActionMask = 2147483647;
			files = (
				D6E76B2E23F6116A00384311 /* LaunchScreen.storyboard in Resources */,
				D6E76B2B23F6116A00384311 /* Assets.xcassets in Resources */,
				D6E76B2923F6116800384311 /* Main.storyboard in Resources */,
				D6E76B7023F6346D00384311 /* FlickrCollectionViewCell.xib in Resources */,
			);
			runOnlyForDeploymentPostprocessing = 0;
		};
		D6E76B3223F6116A00384311 /* Resources */ = {
			isa = PBXResourcesBuildPhase;
			buildActionMask = 2147483647;
			files = (
			);
			runOnlyForDeploymentPostprocessing = 0;
		};
		D6E76B3D23F6116A00384311 /* Resources */ = {
			isa = PBXResourcesBuildPhase;
			buildActionMask = 2147483647;
			files = (
			);
			runOnlyForDeploymentPostprocessing = 0;
		};
/* End PBXResourcesBuildPhase section */

/* Begin PBXSourcesBuildPhase section */
		D6E76B1A23F6116800384311 /* Sources */ = {
			isa = PBXSourcesBuildPhase;
			buildActionMask = 2147483647;
			files = (
				D6E76B6B23F6325E00384311 /* Reachability.swift in Sources */,
				D6E76B5D23F6320400384311 /* FlickrConstants.swift in Sources */,
				D6E76B5B23F631F500384311 /* NetworkManager.swift in Sources */,
				D6E76B6D23F6326F00384311 /* FlickrViewModel.swift in Sources */,
				D6E76B6323F6322700384311 /* Requests.swift in Sources */,
				D6E76B2223F6116800384311 /* AppDelegate.swift in Sources */,
				D6E76B6123F6321B00384311 /* FlickrSearchResults.swift in Sources */,
				D6E76B5F23F6321000384311 /* Photos.swift in Sources */,
				D6E76B6723F6324500384311 /* FlickrCollectionViewCell.swift in Sources */,
				D6E76B6923F6325200384311 /* Extensions.swift in Sources */,
				D6E76B6523F6323300384311 /* GCD.swift in Sources */,
				D6E76B2423F6116800384311 /* SceneDelegate.swift in Sources */,
				D6E76B5923F631E900384311 /* FlickrPhoto.swift in Sources */,
				D6E76B5723F631D200384311 /* FlickrViewController.swift in Sources */,
			);
			runOnlyForDeploymentPostprocessing = 0;
		};
		D6E76B3023F6116A00384311 /* Sources */ = {
			isa = PBXSourcesBuildPhase;
			buildActionMask = 2147483647;
			files = (
				D6E76B7623F6412000384311 /* FlickrConstants.swift in Sources */,
				D6E76B3923F6116A00384311 /* SwiftFlickrPhotosTests.swift in Sources */,
			);
			runOnlyForDeploymentPostprocessing = 0;
		};
		D6E76B3B23F6116A00384311 /* Sources */ = {
			isa = PBXSourcesBuildPhase;
			buildActionMask = 2147483647;
			files = (
				D6E76B4423F6116A00384311 /* SwiftFlickrPhotosUITests.swift in Sources */,
			);
			runOnlyForDeploymentPostprocessing = 0;
		};
/* End PBXSourcesBuildPhase section */

/* Begin PBXTargetDependency section */
		D6E76B3623F6116A00384311 /* PBXTargetDependency */ = {
			isa = PBXTargetDependency;
			target = D6E76B1D23F6116800384311 /* SwiftFlickrPhotos */;
			targetProxy = D6E76B3523F6116A00384311 /* PBXContainerItemProxy */;
		};
		D6E76B4123F6116A00384311 /* PBXTargetDependency */ = {
			isa = PBXTargetDependency;
			target = D6E76B1D23F6116800384311 /* SwiftFlickrPhotos */;
			targetProxy = D6E76B4023F6116A00384311 /* PBXContainerItemProxy */;
		};
/* End PBXTargetDependency section */

/* Begin PBXVariantGroup section */
		D6E76B2723F6116800384311 /* Main.storyboard */ = {
			isa = PBXVariantGroup;
			children = (
				D6E76B2823F6116800384311 /* Base */,
			);
			name = Main.storyboard;
			sourceTree = "<group>";
		};
		D6E76B2C23F6116A00384311 /* LaunchScreen.storyboard */ = {
			isa = PBXVariantGroup;
			children = (
				D6E76B2D23F6116A00384311 /* Base */,
			);
			name = LaunchScreen.storyboard;
			sourceTree = "<group>";
		};
/* End PBXVariantGroup section */

/* Begin XCBuildConfiguration section */
		D6E76B4623F6116A00384311 /* Debug */ = {
			isa = XCBuildConfiguration;
			buildSettings = {
				ALWAYS_SEARCH_USER_PATHS = NO;
				CLANG_ANALYZER_NONNULL = YES;
				CLANG_ANALYZER_NUMBER_OBJECT_CONVERSION = YES_AGGRESSIVE;
				CLANG_CXX_LANGUAGE_STANDARD = "gnu++14";
				CLANG_CXX_LIBRARY = "libc++";
				CLANG_ENABLE_MODULES = YES;
				CLANG_ENABLE_OBJC_ARC = YES;
				CLANG_ENABLE_OBJC_WEAK = YES;
				CLANG_WARN_BLOCK_CAPTURE_AUTORELEASING = YES;
				CLANG_WARN_BOOL_CONVERSION = YES;
				CLANG_WARN_COMMA = YES;
				CLANG_WARN_CONSTANT_CONVERSION = YES;
				CLANG_WARN_DEPRECATED_OBJC_IMPLEMENTATIONS = YES;
				CLANG_WARN_DIRECT_OBJC_ISA_USAGE = YES_ERROR;
				CLANG_WARN_DOCUMENTATION_COMMENTS = YES;
				CLANG_WARN_EMPTY_BODY = YES;
				CLANG_WARN_ENUM_CONVERSION = YES;
				CLANG_WARN_INFINITE_RECURSION = YES;
				CLANG_WARN_INT_CONVERSION = YES;
				CLANG_WARN_NON_LITERAL_NULL_CONVERSION = YES;
				CLANG_WARN_OBJC_IMPLICIT_RETAIN_SELF = YES;
				CLANG_WARN_OBJC_LITERAL_CONVERSION = YES;
				CLANG_WARN_OBJC_ROOT_CLASS = YES_ERROR;
				CLANG_WARN_RANGE_LOOP_ANALYSIS = YES;
				CLANG_WARN_STRICT_PROTOTYPES = YES;
				CLANG_WARN_SUSPICIOUS_MOVE = YES;
				CLANG_WARN_UNGUARDED_AVAILABILITY = YES_AGGRESSIVE;
				CLANG_WARN_UNREACHABLE_CODE = YES;
				CLANG_WARN__DUPLICATE_METHOD_MATCH = YES;
				COPY_PHASE_STRIP = NO;
				DEBUG_INFORMATION_FORMAT = dwarf;
				ENABLE_STRICT_OBJC_MSGSEND = YES;
				ENABLE_TESTABILITY = YES;
				GCC_C_LANGUAGE_STANDARD = gnu11;
				GCC_DYNAMIC_NO_PIC = NO;
				GCC_NO_COMMON_BLOCKS = YES;
				GCC_OPTIMIZATION_LEVEL = 0;
				GCC_PREPROCESSOR_DEFINITIONS = (
					"DEBUG=1",
					"$(inherited)",
				);
				GCC_WARN_64_TO_32_BIT_CONVERSION = YES;
				GCC_WARN_ABOUT_RETURN_TYPE = YES_ERROR;
				GCC_WARN_UNDECLARED_SELECTOR = YES;
				GCC_WARN_UNINITIALIZED_AUTOS = YES_AGGRESSIVE;
				GCC_WARN_UNUSED_FUNCTION = YES;
				GCC_WARN_UNUSED_VARIABLE = YES;
				IPHONEOS_DEPLOYMENT_TARGET = 13.2;
				MTL_ENABLE_DEBUG_INFO = INCLUDE_SOURCE;
				MTL_FAST_MATH = YES;
				ONLY_ACTIVE_ARCH = YES;
				SDKROOT = iphoneos;
				SWIFT_ACTIVE_COMPILATION_CONDITIONS = DEBUG;
				SWIFT_OPTIMIZATION_LEVEL = "-Onone";
			};
			name = Debug;
		};
		D6E76B4723F6116A00384311 /* Release */ = {
			isa = XCBuildConfiguration;
			buildSettings = {
				ALWAYS_SEARCH_USER_PATHS = NO;
				CLANG_ANALYZER_NONNULL = YES;
				CLANG_ANALYZER_NUMBER_OBJECT_CONVERSION = YES_AGGRESSIVE;
				CLANG_CXX_LANGUAGE_STANDARD = "gnu++14";
				CLANG_CXX_LIBRARY = "libc++";
				CLANG_ENABLE_MODULES = YES;
				CLANG_ENABLE_OBJC_ARC = YES;
				CLANG_ENABLE_OBJC_WEAK = YES;
				CLANG_WARN_BLOCK_CAPTURE_AUTORELEASING = YES;
				CLANG_WARN_BOOL_CONVERSION = YES;
				CLANG_WARN_COMMA = YES;
				CLANG_WARN_CONSTANT_CONVERSION = YES;
				CLANG_WARN_DEPRECATED_OBJC_IMPLEMENTATIONS = YES;
				CLANG_WARN_DIRECT_OBJC_ISA_USAGE = YES_ERROR;
				CLANG_WARN_DOCUMENTATION_COMMENTS = YES;
				CLANG_WARN_EMPTY_BODY = YES;
				CLANG_WARN_ENUM_CONVERSION = YES;
				CLANG_WARN_INFINITE_RECURSION = YES;
				CLANG_WARN_INT_CONVERSION = YES;
				CLANG_WARN_NON_LITERAL_NULL_CONVERSION = YES;
				CLANG_WARN_OBJC_IMPLICIT_RETAIN_SELF = YES;
				CLANG_WARN_OBJC_LITERAL_CONVERSION = YES;
				CLANG_WARN_OBJC_ROOT_CLASS = YES_ERROR;
				CLANG_WARN_RANGE_LOOP_ANALYSIS = YES;
				CLANG_WARN_STRICT_PROTOTYPES = YES;
				CLANG_WARN_SUSPICIOUS_MOVE = YES;
				CLANG_WARN_UNGUARDED_AVAILABILITY = YES_AGGRESSIVE;
				CLANG_WARN_UNREACHABLE_CODE = YES;
				CLANG_WARN__DUPLICATE_METHOD_MATCH = YES;
				COPY_PHASE_STRIP = NO;
				DEBUG_INFORMATION_FORMAT = "dwarf-with-dsym";
				ENABLE_NS_ASSERTIONS = NO;
				ENABLE_STRICT_OBJC_MSGSEND = YES;
				GCC_C_LANGUAGE_STANDARD = gnu11;
				GCC_NO_COMMON_BLOCKS = YES;
				GCC_WARN_64_TO_32_BIT_CONVERSION = YES;
				GCC_WARN_ABOUT_RETURN_TYPE = YES_ERROR;
				GCC_WARN_UNDECLARED_SELECTOR = YES;
				GCC_WARN_UNINITIALIZED_AUTOS = YES_AGGRESSIVE;
				GCC_WARN_UNUSED_FUNCTION = YES;
				GCC_WARN_UNUSED_VARIABLE = YES;
				IPHONEOS_DEPLOYMENT_TARGET = 13.2;
				MTL_ENABLE_DEBUG_INFO = NO;
				MTL_FAST_MATH = YES;
				SDKROOT = iphoneos;
				SWIFT_COMPILATION_MODE = wholemodule;
				SWIFT_OPTIMIZATION_LEVEL = "-O";
				VALIDATE_PRODUCT = YES;
			};
			name = Release;
		};
		D6E76B4923F6116A00384311 /* Debug */ = {
			isa = XCBuildConfiguration;
			buildSettings = {
				ASSETCATALOG_COMPILER_APPICON_NAME = AppIcon;
				CODE_SIGN_ENTITLEMENTS = SwiftFlickrPhotos/SwiftFlickrPhotos.entitlements;
				CODE_SIGN_STYLE = Automatic;
				INFOPLIST_FILE = SwiftFlickrPhotos/Info.plist;
				LD_RUNPATH_SEARCH_PATHS = (
					"$(inherited)",
					"@executable_path/Frameworks",
				);
				PRODUCT_BUNDLE_IDENTIFIER = com.pyroTech.SwiftFlickrPhotos;
				PRODUCT_NAME = "$(TARGET_NAME)";
				SWIFT_VERSION = 5.0;
				TARGETED_DEVICE_FAMILY = "1,2";
			};
			name = Debug;
		};
		D6E76B4A23F6116A00384311 /* Release */ = {
			isa = XCBuildConfiguration;
			buildSettings = {
				ASSETCATALOG_COMPILER_APPICON_NAME = AppIcon;
				CODE_SIGN_ENTITLEMENTS = SwiftFlickrPhotos/SwiftFlickrPhotos.entitlements;
				CODE_SIGN_STYLE = Automatic;
				INFOPLIST_FILE = SwiftFlickrPhotos/Info.plist;
				LD_RUNPATH_SEARCH_PATHS = (
					"$(inherited)",
					"@executable_path/Frameworks",
				);
				PRODUCT_BUNDLE_IDENTIFIER = com.pyroTech.SwiftFlickrPhotos;
				PRODUCT_NAME = "$(TARGET_NAME)";
				SWIFT_VERSION = 5.0;
				TARGETED_DEVICE_FAMILY = "1,2";
			};
			name = Release;
		};
		D6E76B4C23F6116A00384311 /* Debug */ = {
			isa = XCBuildConfiguration;
			buildSettings = {
				ALWAYS_EMBED_SWIFT_STANDARD_LIBRARIES = YES;
				BUNDLE_LOADER = "$(TEST_HOST)";
				CODE_SIGN_STYLE = Automatic;
				INFOPLIST_FILE = SwiftFlickrPhotosTests/Info.plist;
				IPHONEOS_DEPLOYMENT_TARGET = 13.2;
				LD_RUNPATH_SEARCH_PATHS = (
					"$(inherited)",
					"@executable_path/Frameworks",
					"@loader_path/Frameworks",
				);
				PRODUCT_BUNDLE_IDENTIFIER = com.pyroTech.SwiftFlickrPhotosTests;
				PRODUCT_NAME = "$(TARGET_NAME)";
				SWIFT_VERSION = 5.0;
				TARGETED_DEVICE_FAMILY = "1,2";
				TEST_HOST = "$(BUILT_PRODUCTS_DIR)/SwiftFlickrPhotos.app/SwiftFlickrPhotos";
			};
			name = Debug;
		};
		D6E76B4D23F6116A00384311 /* Release */ = {
			isa = XCBuildConfiguration;
			buildSettings = {
				ALWAYS_EMBED_SWIFT_STANDARD_LIBRARIES = YES;
				BUNDLE_LOADER = "$(TEST_HOST)";
				CODE_SIGN_STYLE = Automatic;
				INFOPLIST_FILE = SwiftFlickrPhotosTests/Info.plist;
				IPHONEOS_DEPLOYMENT_TARGET = 13.2;
				LD_RUNPATH_SEARCH_PATHS = (
					"$(inherited)",
					"@executable_path/Frameworks",
					"@loader_path/Frameworks",
				);
				PRODUCT_BUNDLE_IDENTIFIER = com.pyroTech.SwiftFlickrPhotosTests;
				PRODUCT_NAME = "$(TARGET_NAME)";
				SWIFT_VERSION = 5.0;
				TARGETED_DEVICE_FAMILY = "1,2";
				TEST_HOST = "$(BUILT_PRODUCTS_DIR)/SwiftFlickrPhotos.app/SwiftFlickrPhotos";
			};
			name = Release;
		};
		D6E76B4F23F6116A00384311 /* Debug */ = {
			isa = XCBuildConfiguration;
			buildSettings = {
				ALWAYS_EMBED_SWIFT_STANDARD_LIBRARIES = YES;
				CODE_SIGN_STYLE = Automatic;
				INFOPLIST_FILE = SwiftFlickrPhotosUITests/Info.plist;
				LD_RUNPATH_SEARCH_PATHS = (
					"$(inherited)",
					"@executable_path/Frameworks",
					"@loader_path/Frameworks",
				);
				PRODUCT_BUNDLE_IDENTIFIER = com.pyroTech.SwiftFlickrPhotosUITests;
				PRODUCT_NAME = "$(TARGET_NAME)";
				SWIFT_VERSION = 5.0;
				TARGETED_DEVICE_FAMILY = "1,2";
				TEST_TARGET_NAME = SwiftFlickrPhotos;
			};
			name = Debug;
		};
		D6E76B5023F6116A00384311 /* Release */ = {
			isa = XCBuildConfiguration;
			buildSettings = {
				ALWAYS_EMBED_SWIFT_STANDARD_LIBRARIES = YES;
				CODE_SIGN_STYLE = Automatic;
				INFOPLIST_FILE = SwiftFlickrPhotosUITests/Info.plist;
				LD_RUNPATH_SEARCH_PATHS = (
					"$(inherited)",
					"@executable_path/Frameworks",
					"@loader_path/Frameworks",
				);
				PRODUCT_BUNDLE_IDENTIFIER = com.pyroTech.SwiftFlickrPhotosUITests;
				PRODUCT_NAME = "$(TARGET_NAME)";
				SWIFT_VERSION = 5.0;
				TARGETED_DEVICE_FAMILY = "1,2";
				TEST_TARGET_NAME = SwiftFlickrPhotos;
			};
			name = Release;
		};
/* End XCBuildConfiguration section */

/* Begin XCConfigurationList section */
		D6E76B1923F6116800384311 /* Build configuration list for PBXProject "SwiftFlickrPhotos" */ = {
			isa = XCConfigurationList;
			buildConfigurations = (
				D6E76B4623F6116A00384311 /* Debug */,
				D6E76B4723F6116A00384311 /* Release */,
			);
			defaultConfigurationIsVisible = 0;
			defaultConfigurationName = Release;
		};
		D6E76B4823F6116A00384311 /* Build configuration list for PBXNativeTarget "SwiftFlickrPhotos" */ = {
			isa = XCConfigurationList;
			buildConfigurations = (
				D6E76B4923F6116A00384311 /* Debug */,
				D6E76B4A23F6116A00384311 /* Release */,
			);
			defaultConfigurationIsVisible = 0;
			defaultConfigurationName = Release;
		};
		D6E76B4B23F6116A00384311 /* Build configuration list for PBXNativeTarget "SwiftFlickrPhotosTests" */ = {
			isa = XCConfigurationList;
			buildConfigurations = (
				D6E76B4C23F6116A00384311 /* Debug */,
				D6E76B4D23F6116A00384311 /* Release */,
			);
			defaultConfigurationIsVisible = 0;
			defaultConfigurationName = Release;
		};
		D6E76B4E23F6116A00384311 /* Build configuration list for PBXNativeTarget "SwiftFlickrPhotosUITests" */ = {
			isa = XCConfigurationList;
			buildConfigurations = (
				D6E76B4F23F6116A00384311 /* Debug */,
				D6E76B5023F6116A00384311 /* Release */,
			);
			defaultConfigurationIsVisible = 0;
			defaultConfigurationName = Release;
		};
/* End XCConfigurationList section */
	};
	rootObject = D6E76B1623F6116800384311 /* Project object */;
}
